// !$*UTF8*$!
{
	archiveVersion = 1;
	classes = {
	};
	objectVersion = 50;
	objects = {

/* Begin PBXBuildFile section */
		99A1DC6A25178CAC00C1D421 /* AppDelegate.swift in Sources */ = {isa = PBXBuildFile; fileRef = 99A1DC6925178CAC00C1D421 /* AppDelegate.swift */; };
		99A1DC6C25178CAC00C1D421 /* SceneDelegate.swift in Sources */ = {isa = PBXBuildFile; fileRef = 99A1DC6B25178CAC00C1D421 /* SceneDelegate.swift */; };
		99A1DC6E25178CAC00C1D421 /* ViewController.swift in Sources */ = {isa = PBXBuildFile; fileRef = 99A1DC6D25178CAC00C1D421 /* ViewController.swift */; };
		99A1DC7125178CAC00C1D421 /* Main.storyboard in Resources */ = {isa = PBXBuildFile; fileRef = 99A1DC6F25178CAC00C1D421 /* Main.storyboard */; };
		99A1DC7325178CAC00C1D421 /* Assets.xcassets in Resources */ = {isa = PBXBuildFile; fileRef = 99A1DC7225178CAC00C1D421 /* Assets.xcassets */; };
		99A1DC7625178CAC00C1D421 /* LaunchScreen.storyboard in Resources */ = {isa = PBXBuildFile; fileRef = 99A1DC7425178CAC00C1D421 /* LaunchScreen.storyboard */; };
		99A1DC852517904A00C1D421 /* Media.xcassets in Resources */ = {isa = PBXBuildFile; fileRef = 99A1DC842517904A00C1D421 /* Media.xcassets */; };
		99A1DC872517904A00C1D421 /* ActionViewController.swift in Sources */ = {isa = PBXBuildFile; fileRef = 99A1DC862517904A00C1D421 /* ActionViewController.swift */; };
		99A1DC8A2517904A00C1D421 /* MainInterface.storyboard in Resources */ = {isa = PBXBuildFile; fileRef = 99A1DC882517904A00C1D421 /* MainInterface.storyboard */; };
		99A1DC8E2517904A00C1D421 /* Extension.appex in Embed App Extensions */ = {isa = PBXBuildFile; fileRef = 99A1DC822517904A00C1D421 /* Extension.appex */; settings = {ATTRIBUTES = (RemoveHeadersOnCopy, ); }; };
		99A1DC96251793DD00C1D421 /* Action.js in Resources */ = {isa = PBXBuildFile; fileRef = 99A1DC95251793DD00C1D421 /* Action.js */; };
/* End PBXBuildFile section */

/* Begin PBXContainerItemProxy section */
		99A1DC8C2517904A00C1D421 /* PBXContainerItemProxy */ = {
			isa = PBXContainerItemProxy;
			containerPortal = 99A1DC5E25178CAC00C1D421 /* Project object */;
			proxyType = 1;
			remoteGlobalIDString = 99A1DC812517904A00C1D421;
			remoteInfo = Extension;
		};
/* End PBXContainerItemProxy section */

/* Begin PBXCopyFilesBuildPhase section */
		99A1DC922517904A00C1D421 /* Embed App Extensions */ = {
			isa = PBXCopyFilesBuildPhase;
			buildActionMask = 2147483647;
			dstPath = "";
			dstSubfolderSpec = 13;
			files = (
				99A1DC8E2517904A00C1D421 /* Extension.appex in Embed App Extensions */,
			);
			name = "Embed App Extensions";
			runOnlyForDeploymentPostprocessing = 0;
		};
/* End PBXCopyFilesBuildPhase section */

/* Begin PBXFileReference section */
		99A1DC6625178CAC00C1D421 /* Project19.app */ = {isa = PBXFileReference; explicitFileType = wrapper.application; includeInIndex = 0; path = Project19.app; sourceTree = BUILT_PRODUCTS_DIR; };
		99A1DC6925178CAC00C1D421 /* AppDelegate.swift */ = {isa = PBXFileReference; lastKnownFileType = sourcecode.swift; path = AppDelegate.swift; sourceTree = "<group>"; };
		99A1DC6B25178CAC00C1D421 /* SceneDelegate.swift */ = {isa = PBXFileReference; lastKnownFileType = sourcecode.swift; path = SceneDelegate.swift; sourceTree = "<group>"; };
		99A1DC6D25178CAC00C1D421 /* ViewController.swift */ = {isa = PBXFileReference; lastKnownFileType = sourcecode.swift; path = ViewController.swift; sourceTree = "<group>"; };
		99A1DC7025178CAC00C1D421 /* Base */ = {isa = PBXFileReference; lastKnownFileType = file.storyboard; name = Base; path = Base.lproj/Main.storyboard; sourceTree = "<group>"; };
		99A1DC7225178CAC00C1D421 /* Assets.xcassets */ = {isa = PBXFileReference; lastKnownFileType = folder.assetcatalog; path = Assets.xcassets; sourceTree = "<group>"; };
		99A1DC7525178CAC00C1D421 /* Base */ = {isa = PBXFileReference; lastKnownFileType = file.storyboard; name = Base; path = Base.lproj/LaunchScreen.storyboard; sourceTree = "<group>"; };
		99A1DC7725178CAC00C1D421 /* Info.plist */ = {isa = PBXFileReference; lastKnownFileType = text.plist.xml; path = Info.plist; sourceTree = "<group>"; };
		99A1DC822517904A00C1D421 /* Extension.appex */ = {isa = PBXFileReference; explicitFileType = "wrapper.app-extension"; includeInIndex = 0; path = Extension.appex; sourceTree = BUILT_PRODUCTS_DIR; };
		99A1DC842517904A00C1D421 /* Media.xcassets */ = {isa = PBXFileReference; lastKnownFileType = folder.assetcatalog; path = Media.xcassets; sourceTree = "<group>"; };
		99A1DC862517904A00C1D421 /* ActionViewController.swift */ = {isa = PBXFileReference; lastKnownFileType = sourcecode.swift; path = ActionViewController.swift; sourceTree = "<group>"; };
		99A1DC892517904A00C1D421 /* Base */ = {isa = PBXFileReference; lastKnownFileType = file.storyboard; name = Base; path = Base.lproj/MainInterface.storyboard; sourceTree = "<group>"; };
		99A1DC8B2517904A00C1D421 /* Info.plist */ = {isa = PBXFileReference; lastKnownFileType = text.plist.xml; path = Info.plist; sourceTree = "<group>"; };
		99A1DC95251793DD00C1D421 /* Action.js */ = {isa = PBXFileReference; lastKnownFileType = sourcecode.javascript; path = Action.js; sourceTree = "<group>"; };
/* End PBXFileReference section */

/* Begin PBXFrameworksBuildPhase section */
		99A1DC6325178CAC00C1D421 /* Frameworks */ = {
			isa = PBXFrameworksBuildPhase;
			buildActionMask = 2147483647;
			files = (
			);
			runOnlyForDeploymentPostprocessing = 0;
		};
		99A1DC7F2517904A00C1D421 /* Frameworks */ = {
			isa = PBXFrameworksBuildPhase;
			buildActionMask = 2147483647;
			files = (
			);
			runOnlyForDeploymentPostprocessing = 0;
		};
/* End PBXFrameworksBuildPhase section */

/* Begin PBXGroup section */
		99A1DC5D25178CAC00C1D421 = {
			isa = PBXGroup;
			children = (
				99A1DC6825178CAC00C1D421 /* Project19 */,
				99A1DC832517904A00C1D421 /* Extension */,
				99A1DC6725178CAC00C1D421 /* Products */,
			);
			sourceTree = "<group>";
		};
		99A1DC6725178CAC00C1D421 /* Products */ = {
			isa = PBXGroup;
			children = (
				99A1DC6625178CAC00C1D421 /* Project19.app */,
				99A1DC822517904A00C1D421 /* Extension.appex */,
			);
			name = Products;
			sourceTree = "<group>";
		};
		99A1DC6825178CAC00C1D421 /* Project19 */ = {
			isa = PBXGroup;
			children = (
				99A1DC6925178CAC00C1D421 /* AppDelegate.swift */,
				99A1DC6B25178CAC00C1D421 /* SceneDelegate.swift */,
				99A1DC6D25178CAC00C1D421 /* ViewController.swift */,
				99A1DC6F25178CAC00C1D421 /* Main.storyboard */,
				99A1DC7225178CAC00C1D421 /* Assets.xcassets */,
				99A1DC7425178CAC00C1D421 /* LaunchScreen.storyboard */,
				99A1DC7725178CAC00C1D421 /* Info.plist */,
			);
			path = Project19;
			sourceTree = "<group>";
		};
		99A1DC832517904A00C1D421 /* Extension */ = {
			isa = PBXGroup;
			children = (
				99A1DC842517904A00C1D421 /* Media.xcassets */,
				99A1DC862517904A00C1D421 /* ActionViewController.swift */,
				99A1DC882517904A00C1D421 /* MainInterface.storyboard */,
				99A1DC8B2517904A00C1D421 /* Info.plist */,
				99A1DC95251793DD00C1D421 /* Action.js */,
			);
			path = Extension;
			sourceTree = "<group>";
		};
/* End PBXGroup section */

/* Begin PBXNativeTarget section */
		99A1DC6525178CAC00C1D421 /* Project19 */ = {
			isa = PBXNativeTarget;
			buildConfigurationList = 99A1DC7A25178CAC00C1D421 /* Build configuration list for PBXNativeTarget "Project19" */;
			buildPhases = (
				99A1DC6225178CAC00C1D421 /* Sources */,
				99A1DC6325178CAC00C1D421 /* Frameworks */,
				99A1DC6425178CAC00C1D421 /* Resources */,
				99A1DC922517904A00C1D421 /* Embed App Extensions */,
			);
			buildRules = (
			);
			dependencies = (
				99A1DC8D2517904A00C1D421 /* PBXTargetDependency */,
			);
			name = Project19;
			productName = Project19;
			productReference = 99A1DC6625178CAC00C1D421 /* Project19.app */;
			productType = "com.apple.product-type.application";
		};
		99A1DC812517904A00C1D421 /* Extension */ = {
			isa = PBXNativeTarget;
			buildConfigurationList = 99A1DC8F2517904A00C1D421 /* Build configuration list for PBXNativeTarget "Extension" */;
			buildPhases = (
				99A1DC7E2517904A00C1D421 /* Sources */,
				99A1DC7F2517904A00C1D421 /* Frameworks */,
				99A1DC802517904A00C1D421 /* Resources */,
			);
			buildRules = (
			);
			dependencies = (
			);
			name = Extension;
			productName = Extension;
			productReference = 99A1DC822517904A00C1D421 /* Extension.appex */;
			productType = "com.apple.product-type.app-extension";
		};
/* End PBXNativeTarget section */

/* Begin PBXProject section */
		99A1DC5E25178CAC00C1D421 /* Project object */ = {
			isa = PBXProject;
			attributes = {
				LastSwiftUpdateCheck = 1200;
				LastUpgradeCheck = 1200;
				TargetAttributes = {
					99A1DC6525178CAC00C1D421 = {
						CreatedOnToolsVersion = 12.0;
					};
					99A1DC812517904A00C1D421 = {
						CreatedOnToolsVersion = 12.0;
					};
				};
			};
			buildConfigurationList = 99A1DC6125178CAC00C1D421 /* Build configuration list for PBXProject "Project19" */;
			compatibilityVersion = "Xcode 9.3";
			developmentRegion = en;
			hasScannedForEncodings = 0;
			knownRegions = (
				en,
				Base,
			);
			mainGroup = 99A1DC5D25178CAC00C1D421;
			productRefGroup = 99A1DC6725178CAC00C1D421 /* Products */;
			projectDirPath = "";
			projectRoot = "";
			targets = (
				99A1DC6525178CAC00C1D421 /* Project19 */,
				99A1DC812517904A00C1D421 /* Extension */,
			);
		};
/* End PBXProject section */

/* Begin PBXResourcesBuildPhase section */
		99A1DC6425178CAC00C1D421 /* Resources */ = {
			isa = PBXResourcesBuildPhase;
			buildActionMask = 2147483647;
			files = (
				99A1DC7625178CAC00C1D421 /* LaunchScreen.storyboard in Resources */,
				99A1DC7325178CAC00C1D421 /* Assets.xcassets in Resources */,
				99A1DC7125178CAC00C1D421 /* Main.storyboard in Resources */,
			);
			runOnlyForDeploymentPostprocessing = 0;
		};
		99A1DC802517904A00C1D421 /* Resources */ = {
			isa = PBXResourcesBuildPhase;
			buildActionMask = 2147483647;
			files = (
				99A1DC96251793DD00C1D421 /* Action.js in Resources */,
				99A1DC852517904A00C1D421 /* Media.xcassets in Resources */,
				99A1DC8A2517904A00C1D421 /* MainInterface.storyboard in Resources */,
			);
			runOnlyForDeploymentPostprocessing = 0;
		};
/* End PBXResourcesBuildPhase section */

/* Begin PBXSourcesBuildPhase section */
		99A1DC6225178CAC00C1D421 /* Sources */ = {
			isa = PBXSourcesBuildPhase;
			buildActionMask = 2147483647;
			files = (
				99A1DC6E25178CAC00C1D421 /* ViewController.swift in Sources */,
				99A1DC6A25178CAC00C1D421 /* AppDelegate.swift in Sources */,
				99A1DC6C25178CAC00C1D421 /* SceneDelegate.swift in Sources */,
			);
			runOnlyForDeploymentPostprocessing = 0;
		};
		99A1DC7E2517904A00C1D421 /* Sources */ = {
			isa = PBXSourcesBuildPhase;
			buildActionMask = 2147483647;
			files = (
				99A1DC872517904A00C1D421 /* ActionViewController.swift in Sources */,
			);
			runOnlyForDeploymentPostprocessing = 0;
		};
/* End PBXSourcesBuildPhase section */

/* Begin PBXTargetDependency section */
		99A1DC8D2517904A00C1D421 /* PBXTargetDependency */ = {
			isa = PBXTargetDependency;
			target = 99A1DC812517904A00C1D421 /* Extension */;
			targetProxy = 99A1DC8C2517904A00C1D421 /* PBXContainerItemProxy */;
		};
/* End PBXTargetDependency section */

/* Begin PBXVariantGroup section */
		99A1DC6F25178CAC00C1D421 /* Main.storyboard */ = {
			isa = PBXVariantGroup;
			children = (
				99A1DC7025178CAC00C1D421 /* Base */,
			);
			name = Main.storyboard;
			sourceTree = "<group>";
		};
		99A1DC7425178CAC00C1D421 /* LaunchScreen.storyboard */ = {
			isa = PBXVariantGroup;
			children = (
				99A1DC7525178CAC00C1D421 /* Base */,
			);
			name = LaunchScreen.storyboard;
			sourceTree = "<group>";
		};
		99A1DC882517904A00C1D421 /* MainInterface.storyboard */ = {
			isa = PBXVariantGroup;
			children = (
				99A1DC892517904A00C1D421 /* Base */,
			);
			name = MainInterface.storyboard;
			sourceTree = "<group>";
		};
/* End PBXVariantGroup section */

/* Begin XCBuildConfiguration section */
		99A1DC7825178CAC00C1D421 /* Debug */ = {
			isa = XCBuildConfiguration;
			buildSettings = {
				ALWAYS_SEARCH_USER_PATHS = NO;
				CLANG_ANALYZER_NONNULL = YES;
				CLANG_ANALYZER_NUMBER_OBJECT_CONVERSION = YES_AGGRESSIVE;
				CLANG_CXX_LANGUAGE_STANDARD = "gnu++14";
				CLANG_CXX_LIBRARY = "libc++";
				CLANG_ENABLE_MODULES = YES;
				CLANG_ENABLE_OBJC_ARC = YES;
				CLANG_ENABLE_OBJC_WEAK = YES;
				CLANG_WARN_BLOCK_CAPTURE_AUTORELEASING = YES;
				CLANG_WARN_BOOL_CONVERSION = YES;
				CLANG_WARN_COMMA = YES;
				CLANG_WARN_CONSTANT_CONVERSION = YES;
				CLANG_WARN_DEPRECATED_OBJC_IMPLEMENTATIONS = YES;
				CLANG_WARN_DIRECT_OBJC_ISA_USAGE = YES_ERROR;
				CLANG_WARN_DOCUMENTATION_COMMENTS = YES;
				CLANG_WARN_EMPTY_BODY = YES;
				CLANG_WARN_ENUM_CONVERSION = YES;
				CLANG_WARN_INFINITE_RECURSION = YES;
				CLANG_WARN_INT_CONVERSION = YES;
				CLANG_WARN_NON_LITERAL_NULL_CONVERSION = YES;
				CLANG_WARN_OBJC_IMPLICIT_RETAIN_SELF = YES;
				CLANG_WARN_OBJC_LITERAL_CONVERSION = YES;
				CLANG_WARN_OBJC_ROOT_CLASS = YES_ERROR;
				CLANG_WARN_QUOTED_INCLUDE_IN_FRAMEWORK_HEADER = YES;
				CLANG_WARN_RANGE_LOOP_ANALYSIS = YES;
				CLANG_WARN_STRICT_PROTOTYPES = YES;
				CLANG_WARN_SUSPICIOUS_MOVE = YES;
				CLANG_WARN_UNGUARDED_AVAILABILITY = YES_AGGRESSIVE;
				CLANG_WARN_UNREACHABLE_CODE = YES;
				CLANG_WARN__DUPLICATE_METHOD_MATCH = YES;
				COPY_PHASE_STRIP = NO;
				DEBUG_INFORMATION_FORMAT = dwarf;
				ENABLE_STRICT_OBJC_MSGSEND = YES;
				ENABLE_TESTABILITY = YES;
				GCC_C_LANGUAGE_STANDARD = gnu11;
				GCC_DYNAMIC_NO_PIC = NO;
				GCC_NO_COMMON_BLOCKS = YES;
				GCC_OPTIMIZATION_LEVEL = 0;
				GCC_PREPROCESSOR_DEFINITIONS = (
					"DEBUG=1",
					"$(inherited)",
				);
				GCC_WARN_64_TO_32_BIT_CONVERSION = YES;
				GCC_WARN_ABOUT_RETURN_TYPE = YES_ERROR;
				GCC_WARN_UNDECLARED_SELECTOR = YES;
				GCC_WARN_UNINITIALIZED_AUTOS = YES_AGGRESSIVE;
				GCC_WARN_UNUSED_FUNCTION = YES;
				GCC_WARN_UNUSED_VARIABLE = YES;
				IPHONEOS_DEPLOYMENT_TARGET = 14.0;
				MTL_ENABLE_DEBUG_INFO = INCLUDE_SOURCE;
				MTL_FAST_MATH = YES;
				ONLY_ACTIVE_ARCH = YES;
				SDKROOT = iphoneos;
				SWIFT_ACTIVE_COMPILATION_CONDITIONS = DEBUG;
				SWIFT_OPTIMIZATION_LEVEL = "-Onone";
			};
			name = Debug;
		};
		99A1DC7925178CAC00C1D421 /* Release */ = {
			isa = XCBuildConfiguration;
			buildSettings = {
				ALWAYS_SEARCH_USER_PATHS = NO;
				CLANG_ANALYZER_NONNULL = YES;
				CLANG_ANALYZER_NUMBER_OBJECT_CONVERSION = YES_AGGRESSIVE;
				CLANG_CXX_LANGUAGE_STANDARD = "gnu++14";
				CLANG_CXX_LIBRARY = "libc++";
				CLANG_ENABLE_MODULES = YES;
				CLANG_ENABLE_OBJC_ARC = YES;
				CLANG_ENABLE_OBJC_WEAK = YES;
				CLANG_WARN_BLOCK_CAPTURE_AUTORELEASING = YES;
				CLANG_WARN_BOOL_CONVERSION = YES;
				CLANG_WARN_COMMA = YES;
				CLANG_WARN_CONSTANT_CONVERSION = YES;
				CLANG_WARN_DEPRECATED_OBJC_IMPLEMENTATIONS = YES;
				CLANG_WARN_DIRECT_OBJC_ISA_USAGE = YES_ERROR;
				CLANG_WARN_DOCUMENTATION_COMMENTS = YES;
				CLANG_WARN_EMPTY_BODY = YES;
				CLANG_WARN_ENUM_CONVERSION = YES;
				CLANG_WARN_INFINITE_RECURSION = YES;
				CLANG_WARN_INT_CONVERSION = YES;
				CLANG_WARN_NON_LITERAL_NULL_CONVERSION = YES;
				CLANG_WARN_OBJC_IMPLICIT_RETAIN_SELF = YES;
				CLANG_WARN_OBJC_LITERAL_CONVERSION = YES;
				CLANG_WARN_OBJC_ROOT_CLASS = YES_ERROR;
				CLANG_WARN_QUOTED_INCLUDE_IN_FRAMEWORK_HEADER = YES;
				CLANG_WARN_RANGE_LOOP_ANALYSIS = YES;
				CLANG_WARN_STRICT_PROTOTYPES = YES;
				CLANG_WARN_SUSPICIOUS_MOVE = YES;
				CLANG_WARN_UNGUARDED_AVAILABILITY = YES_AGGRESSIVE;
				CLANG_WARN_UNREACHABLE_CODE = YES;
				CLANG_WARN__DUPLICATE_METHOD_MATCH = YES;
				COPY_PHASE_STRIP = NO;
				DEBUG_INFORMATION_FORMAT = "dwarf-with-dsym";
				ENABLE_NS_ASSERTIONS = NO;
				ENABLE_STRICT_OBJC_MSGSEND = YES;
				GCC_C_LANGUAGE_STANDARD = gnu11;
				GCC_NO_COMMON_BLOCKS = YES;
				GCC_WARN_64_TO_32_BIT_CONVERSION = YES;
				GCC_WARN_ABOUT_RETURN_TYPE = YES_ERROR;
				GCC_WARN_UNDECLARED_SELECTOR = YES;
				GCC_WARN_UNINITIALIZED_AUTOS = YES_AGGRESSIVE;
				GCC_WARN_UNUSED_FUNCTION = YES;
				GCC_WARN_UNUSED_VARIABLE = YES;
				IPHONEOS_DEPLOYMENT_TARGET = 14.0;
				MTL_ENABLE_DEBUG_INFO = NO;
				MTL_FAST_MATH = YES;
				SDKROOT = iphoneos;
				SWIFT_COMPILATION_MODE = wholemodule;
				SWIFT_OPTIMIZATION_LEVEL = "-O";
				VALIDATE_PRODUCT = YES;
			};
			name = Release;
		};
		99A1DC7B25178CAC00C1D421 /* Debug */ = {
			isa = XCBuildConfiguration;
			buildSettings = {
				ALWAYS_EMBED_SWIFT_STANDARD_LIBRARIES = YES;
				ASSETCATALOG_COMPILER_APPICON_NAME = AppIcon;
				ASSETCATALOG_COMPILER_GLOBAL_ACCENT_COLOR_NAME = AccentColor;
				CODE_SIGN_STYLE = Automatic;
				DEVELOPMENT_TEAM = 48APBRKW5R;
				INFOPLIST_FILE = Project19/Info.plist;
				LD_RUNPATH_SEARCH_PATHS = (
					"$(inherited)",
					"@executable_path/Frameworks",
				);
				PRODUCT_BUNDLE_IDENTIFIER = com.iivanu.Project19;
				PRODUCT_NAME = "$(TARGET_NAME)";
				SWIFT_VERSION = 5.0;
				TARGETED_DEVICE_FAMILY = "1,2";
			};
			name = Debug;
		};
		99A1DC7C25178CAC00C1D421 /* Release */ = {
			isa = XCBuildConfiguration;
			buildSettings = {
				ALWAYS_EMBED_SWIFT_STANDARD_LIBRARIES = YES;
				ASSETCATALOG_COMPILER_APPICON_NAME = AppIcon;
				ASSETCATALOG_COMPILER_GLOBAL_ACCENT_COLOR_NAME = AccentColor;
				CODE_SIGN_STYLE = Automatic;
				DEVELOPMENT_TEAM = 48APBRKW5R;
				INFOPLIST_FILE = Project19/Info.plist;
				LD_RUNPATH_SEARCH_PATHS = (
					"$(inherited)",
					"@executable_path/Frameworks",
				);
				PRODUCT_BUNDLE_IDENTIFIER = com.iivanu.Project19;
				PRODUCT_NAME = "$(TARGET_NAME)";
				SWIFT_VERSION = 5.0;
				TARGETED_DEVICE_FAMILY = "1,2";
			};
			name = Release;
		};
		99A1DC902517904A00C1D421 /* Debug */ = {
			isa = XCBuildConfiguration;
			buildSettings = {
				CODE_SIGN_STYLE = Automatic;
				DEVELOPMENT_TEAM = 48APBRKW5R;
				INFOPLIST_FILE = Extension/Info.plist;
				LD_RUNPATH_SEARCH_PATHS = (
					"$(inherited)",
					"@executable_path/Frameworks",
					"@executable_path/../../Frameworks",
				);
				PRODUCT_BUNDLE_IDENTIFIER = com.iivanu.Project19.Extension;
				PRODUCT_NAME = "$(TARGET_NAME)";
				SKIP_INSTALL = YES;
				SWIFT_VERSION = 5.0;
				TARGETED_DEVICE_FAMILY = "1,2";
			};
			name = Debug;
		};
		99A1DC912517904A00C1D421 /* Release */ = {
			isa = XCBuildConfiguration;
			buildSettings = {
				CODE_SIGN_STYLE = Automatic;
				DEVELOPMENT_TEAM = 48APBRKW5R;
				INFOPLIST_FILE = Extension/Info.plist;
				LD_RUNPATH_SEARCH_PATHS = (
					"$(inherited)",
					"@executable_path/Frameworks",
					"@executable_path/../../Frameworks",
				);
				PRODUCT_BUNDLE_IDENTIFIER = com.iivanu.Project19.Extension;
				PRODUCT_NAME = "$(TARGET_NAME)";
				SKIP_INSTALL = YES;
				SWIFT_VERSION = 5.0;
				TARGETED_DEVICE_FAMILY = "1,2";
			};
			name = Release;
		};
/* End XCBuildConfiguration section */

/* Begin XCConfigurationList section */
		99A1DC6125178CAC00C1D421 /* Build configuration list for PBXProject "Project19" */ = {
			isa = XCConfigurationList;
			buildConfigurations = (
				99A1DC7825178CAC00C1D421 /* Debug */,
				99A1DC7925178CAC00C1D421 /* Release */,
			);
			defaultConfigurationIsVisible = 0;
			defaultConfigurationName = Release;
		};
		99A1DC7A25178CAC00C1D421 /* Build configuration list for PBXNativeTarget "Project19" */ = {
			isa = XCConfigurationList;
			buildConfigurations = (
				99A1DC7B25178CAC00C1D421 /* Debug */,
				99A1DC7C25178CAC00C1D421 /* Release */,
			);
			defaultConfigurationIsVisible = 0;
			defaultConfigurationName = Release;
		};
		99A1DC8F2517904A00C1D421 /* Build configuration list for PBXNativeTarget "Extension" */ = {
			isa = XCConfigurationList;
			buildConfigurations = (
				99A1DC902517904A00C1D421 /* Debug */,
				99A1DC912517904A00C1D421 /* Release */,
			);
			defaultConfigurationIsVisible = 0;
			defaultConfigurationName = Release;
		};
/* End XCConfigurationList section */
	};
	rootObject = 99A1DC5E25178CAC00C1D421 /* Project object */;
}
