// !$*UTF8*$!
{
	archiveVersion = 1;
	classes = {
	};
	objectVersion = 50;
	objects = {

/* Begin PBXBuildFile section */
		9948BFA025225CAE00F03726 /* AppDelegate.swift in Sources */ = {isa = PBXBuildFile; fileRef = 9948BF9F25225CAE00F03726 /* AppDelegate.swift */; };
		9948BFA225225CAE00F03726 /* GameScene.sks in Resources */ = {isa = PBXBuildFile; fileRef = 9948BFA125225CAE00F03726 /* GameScene.sks */; };
		9948BFA625225CAE00F03726 /* GameScene.swift in Sources */ = {isa = PBXBuildFile; fileRef = 9948BFA525225CAE00F03726 /* GameScene.swift */; };
		9948BFA825225CAE00F03726 /* GameViewController.swift in Sources */ = {isa = PBXBuildFile; fileRef = 9948BFA725225CAE00F03726 /* GameViewController.swift */; };
		9948BFAB25225CAE00F03726 /* Main.storyboard in Resources */ = {isa = PBXBuildFile; fileRef = 9948BFA925225CAE00F03726 /* Main.storyboard */; };
		9948BFAD25225CAF00F03726 /* Assets.xcassets in Resources */ = {isa = PBXBuildFile; fileRef = 9948BFAC25225CAF00F03726 /* Assets.xcassets */; };
		9948BFC225225E0300F03726 /* sliceBombFuse.caf in Resources */ = {isa = PBXBuildFile; fileRef = 9948BFB725225E0200F03726 /* sliceBombFuse.caf */; };
		9948BFC325225E0300F03726 /* sliceHitEnemy.sks in Resources */ = {isa = PBXBuildFile; fileRef = 9948BFB825225E0200F03726 /* sliceHitEnemy.sks */; };
		9948BFC425225E0300F03726 /* swoosh1.caf in Resources */ = {isa = PBXBuildFile; fileRef = 9948BFB925225E0300F03726 /* swoosh1.caf */; };
		9948BFC525225E0300F03726 /* explosion.caf in Resources */ = {isa = PBXBuildFile; fileRef = 9948BFBA25225E0300F03726 /* explosion.caf */; };
		9948BFC625225E0300F03726 /* launch.caf in Resources */ = {isa = PBXBuildFile; fileRef = 9948BFBB25225E0300F03726 /* launch.caf */; };
		9948BFC725225E0300F03726 /* sliceHitBomb.sks in Resources */ = {isa = PBXBuildFile; fileRef = 9948BFBC25225E0300F03726 /* sliceHitBomb.sks */; };
		9948BFC825225E0300F03726 /* swoosh3.caf in Resources */ = {isa = PBXBuildFile; fileRef = 9948BFBD25225E0300F03726 /* swoosh3.caf */; };
		9948BFC925225E0300F03726 /* sliceFuse.sks in Resources */ = {isa = PBXBuildFile; fileRef = 9948BFBE25225E0300F03726 /* sliceFuse.sks */; };
		9948BFCA25225E0300F03726 /* swoosh2.caf in Resources */ = {isa = PBXBuildFile; fileRef = 9948BFBF25225E0300F03726 /* swoosh2.caf */; };
		9948BFCB25225E0300F03726 /* whack.caf in Resources */ = {isa = PBXBuildFile; fileRef = 9948BFC025225E0300F03726 /* whack.caf */; };
		9948BFCC25225E0300F03726 /* wrong.caf in Resources */ = {isa = PBXBuildFile; fileRef = 9948BFC125225E0300F03726 /* wrong.caf */; };
/* End PBXBuildFile section */

/* Begin PBXFileReference section */
		9948BF9C25225CAE00F03726 /* Project23.app */ = {isa = PBXFileReference; explicitFileType = wrapper.application; includeInIndex = 0; path = Project23.app; sourceTree = BUILT_PRODUCTS_DIR; };
		9948BF9F25225CAE00F03726 /* AppDelegate.swift */ = {isa = PBXFileReference; lastKnownFileType = sourcecode.swift; path = AppDelegate.swift; sourceTree = "<group>"; };
		9948BFA125225CAE00F03726 /* GameScene.sks */ = {isa = PBXFileReference; lastKnownFileType = file.sks; path = GameScene.sks; sourceTree = "<group>"; };
		9948BFA525225CAE00F03726 /* GameScene.swift */ = {isa = PBXFileReference; lastKnownFileType = sourcecode.swift; path = GameScene.swift; sourceTree = "<group>"; };
		9948BFA725225CAE00F03726 /* GameViewController.swift */ = {isa = PBXFileReference; lastKnownFileType = sourcecode.swift; path = GameViewController.swift; sourceTree = "<group>"; };
		9948BFAA25225CAE00F03726 /* Base */ = {isa = PBXFileReference; lastKnownFileType = file.storyboard; name = Base; path = Base.lproj/Main.storyboard; sourceTree = "<group>"; };
		9948BFAC25225CAF00F03726 /* Assets.xcassets */ = {isa = PBXFileReference; lastKnownFileType = folder.assetcatalog; path = Assets.xcassets; sourceTree = "<group>"; };
		9948BFAE25225CAF00F03726 /* Info.plist */ = {isa = PBXFileReference; lastKnownFileType = text.plist.xml; path = Info.plist; sourceTree = "<group>"; };
		9948BFB725225E0200F03726 /* sliceBombFuse.caf */ = {isa = PBXFileReference; lastKnownFileType = file; path = sliceBombFuse.caf; sourceTree = "<group>"; };
		9948BFB825225E0200F03726 /* sliceHitEnemy.sks */ = {isa = PBXFileReference; lastKnownFileType = file.sks; path = sliceHitEnemy.sks; sourceTree = "<group>"; };
		9948BFB925225E0300F03726 /* swoosh1.caf */ = {isa = PBXFileReference; lastKnownFileType = file; path = swoosh1.caf; sourceTree = "<group>"; };
		9948BFBA25225E0300F03726 /* explosion.caf */ = {isa = PBXFileReference; lastKnownFileType = file; path = explosion.caf; sourceTree = "<group>"; };
		9948BFBB25225E0300F03726 /* launch.caf */ = {isa = PBXFileReference; lastKnownFileType = file; path = launch.caf; sourceTree = "<group>"; };
		9948BFBC25225E0300F03726 /* sliceHitBomb.sks */ = {isa = PBXFileReference; lastKnownFileType = file.sks; path = sliceHitBomb.sks; sourceTree = "<group>"; };
		9948BFBD25225E0300F03726 /* swoosh3.caf */ = {isa = PBXFileReference; lastKnownFileType = file; path = swoosh3.caf; sourceTree = "<group>"; };
		9948BFBE25225E0300F03726 /* sliceFuse.sks */ = {isa = PBXFileReference; lastKnownFileType = file.sks; path = sliceFuse.sks; sourceTree = "<group>"; };
		9948BFBF25225E0300F03726 /* swoosh2.caf */ = {isa = PBXFileReference; lastKnownFileType = file; path = swoosh2.caf; sourceTree = "<group>"; };
		9948BFC025225E0300F03726 /* whack.caf */ = {isa = PBXFileReference; lastKnownFileType = file; path = whack.caf; sourceTree = "<group>"; };
		9948BFC125225E0300F03726 /* wrong.caf */ = {isa = PBXFileReference; lastKnownFileType = file; path = wrong.caf; sourceTree = "<group>"; };
/* End PBXFileReference section */

/* Begin PBXFrameworksBuildPhase section */
		9948BF9925225CAE00F03726 /* Frameworks */ = {
			isa = PBXFrameworksBuildPhase;
			buildActionMask = 2147483647;
			files = (
			);
			runOnlyForDeploymentPostprocessing = 0;
		};
/* End PBXFrameworksBuildPhase section */

/* Begin PBXGroup section */
		9948BF9325225CAE00F03726 = {
			isa = PBXGroup;
			children = (
				9948BF9E25225CAE00F03726 /* Project23 */,
				9948BF9D25225CAE00F03726 /* Products */,
			);
			sourceTree = "<group>";
		};
		9948BF9D25225CAE00F03726 /* Products */ = {
			isa = PBXGroup;
			children = (
				9948BF9C25225CAE00F03726 /* Project23.app */,
			);
			name = Products;
			sourceTree = "<group>";
		};
		9948BF9E25225CAE00F03726 /* Project23 */ = {
			isa = PBXGroup;
			children = (
				9948BF9F25225CAE00F03726 /* AppDelegate.swift */,
				9948BFA125225CAE00F03726 /* GameScene.sks */,
				9948BFA525225CAE00F03726 /* GameScene.swift */,
				9948BFA725225CAE00F03726 /* GameViewController.swift */,
				9948BFA925225CAE00F03726 /* Main.storyboard */,
				9948BFAC25225CAF00F03726 /* Assets.xcassets */,
				9948BFAE25225CAF00F03726 /* Info.plist */,
				9948BFBA25225E0300F03726 /* explosion.caf */,
				9948BFBB25225E0300F03726 /* launch.caf */,
				9948BFB725225E0200F03726 /* sliceBombFuse.caf */,
				9948BFBE25225E0300F03726 /* sliceFuse.sks */,
				9948BFBC25225E0300F03726 /* sliceHitBomb.sks */,
				9948BFB825225E0200F03726 /* sliceHitEnemy.sks */,
				9948BFB925225E0300F03726 /* swoosh1.caf */,
				9948BFBF25225E0300F03726 /* swoosh2.caf */,
				9948BFBD25225E0300F03726 /* swoosh3.caf */,
				9948BFC025225E0300F03726 /* whack.caf */,
				9948BFC125225E0300F03726 /* wrong.caf */,
			);
			path = Project23;
			sourceTree = "<group>";
		};
/* End PBXGroup section */

/* Begin PBXNativeTarget section */
		9948BF9B25225CAE00F03726 /* Project23 */ = {
			isa = PBXNativeTarget;
			buildConfigurationList = 9948BFB125225CAF00F03726 /* Build configuration list for PBXNativeTarget "Project23" */;
			buildPhases = (
				9948BF9825225CAE00F03726 /* Sources */,
				9948BF9925225CAE00F03726 /* Frameworks */,
				9948BF9A25225CAE00F03726 /* Resources */,
			);
			buildRules = (
			);
			dependencies = (
			);
			name = Project23;
			productName = Project23;
			productReference = 9948BF9C25225CAE00F03726 /* Project23.app */;
			productType = "com.apple.product-type.application";
		};
/* End PBXNativeTarget section */

/* Begin PBXProject section */
		9948BF9425225CAE00F03726 /* Project object */ = {
			isa = PBXProject;
			attributes = {
				LastSwiftUpdateCheck = 1200;
				LastUpgradeCheck = 1200;
				TargetAttributes = {
					9948BF9B25225CAE00F03726 = {
						CreatedOnToolsVersion = 12.0.1;
					};
				};
			};
			buildConfigurationList = 9948BF9725225CAE00F03726 /* Build configuration list for PBXProject "Project23" */;
			compatibilityVersion = "Xcode 9.3";
			developmentRegion = en;
			hasScannedForEncodings = 0;
			knownRegions = (
				en,
				Base,
			);
			mainGroup = 9948BF9325225CAE00F03726;
			productRefGroup = 9948BF9D25225CAE00F03726 /* Products */;
			projectDirPath = "";
			projectRoot = "";
			targets = (
				9948BF9B25225CAE00F03726 /* Project23 */,
			);
		};
/* End PBXProject section */

/* Begin PBXResourcesBuildPhase section */
		9948BF9A25225CAE00F03726 /* Resources */ = {
			isa = PBXResourcesBuildPhase;
			buildActionMask = 2147483647;
			files = (
				9948BFCC25225E0300F03726 /* wrong.caf in Resources */,
				9948BFC725225E0300F03726 /* sliceHitBomb.sks in Resources */,
				9948BFC225225E0300F03726 /* sliceBombFuse.caf in Resources */,
				9948BFC525225E0300F03726 /* explosion.caf in Resources */,
				9948BFAB25225CAE00F03726 /* Main.storyboard in Resources */,
				9948BFC325225E0300F03726 /* sliceHitEnemy.sks in Resources */,
				9948BFA225225CAE00F03726 /* GameScene.sks in Resources */,
				9948BFC625225E0300F03726 /* launch.caf in Resources */,
				9948BFCB25225E0300F03726 /* whack.caf in Resources */,
				9948BFC925225E0300F03726 /* sliceFuse.sks in Resources */,
				9948BFCA25225E0300F03726 /* swoosh2.caf in Resources */,
				9948BFAD25225CAF00F03726 /* Assets.xcassets in Resources */,
				9948BFC425225E0300F03726 /* swoosh1.caf in Resources */,
				9948BFC825225E0300F03726 /* swoosh3.caf in Resources */,
			);
			runOnlyForDeploymentPostprocessing = 0;
		};
/* End PBXResourcesBuildPhase section */

/* Begin PBXSourcesBuildPhase section */
		9948BF9825225CAE00F03726 /* Sources */ = {
			isa = PBXSourcesBuildPhase;
			buildActionMask = 2147483647;
			files = (
				9948BFA625225CAE00F03726 /* GameScene.swift in Sources */,
				9948BFA825225CAE00F03726 /* GameViewController.swift in Sources */,
				9948BFA025225CAE00F03726 /* AppDelegate.swift in Sources */,
			);
			runOnlyForDeploymentPostprocessing = 0;
		};
/* End PBXSourcesBuildPhase section */

/* Begin PBXVariantGroup section */
		9948BFA925225CAE00F03726 /* Main.storyboard */ = {
			isa = PBXVariantGroup;
			children = (
				9948BFAA25225CAE00F03726 /* Base */,
			);
			name = Main.storyboard;
			sourceTree = "<group>";
		};
/* End PBXVariantGroup section */

/* Begin XCBuildConfiguration section */
		9948BFAF25225CAF00F03726 /* Debug */ = {
			isa = XCBuildConfiguration;
			buildSettings = {
				ALWAYS_SEARCH_USER_PATHS = NO;
				CLANG_ANALYZER_NONNULL = YES;
				CLANG_ANALYZER_NUMBER_OBJECT_CONVERSION = YES_AGGRESSIVE;
				CLANG_CXX_LANGUAGE_STANDARD = "gnu++14";
				CLANG_CXX_LIBRARY = "libc++";
				CLANG_ENABLE_MODULES = YES;
				CLANG_ENABLE_OBJC_ARC = YES;
				CLANG_ENABLE_OBJC_WEAK = YES;
				CLANG_WARN_BLOCK_CAPTURE_AUTORELEASING = YES;
				CLANG_WARN_BOOL_CONVERSION = YES;
				CLANG_WARN_COMMA = YES;
				CLANG_WARN_CONSTANT_CONVERSION = YES;
				CLANG_WARN_DEPRECATED_OBJC_IMPLEMENTATIONS = YES;
				CLANG_WARN_DIRECT_OBJC_ISA_USAGE = YES_ERROR;
				CLANG_WARN_DOCUMENTATION_COMMENTS = YES;
				CLANG_WARN_EMPTY_BODY = YES;
				CLANG_WARN_ENUM_CONVERSION = YES;
				CLANG_WARN_INFINITE_RECURSION = YES;
				CLANG_WARN_INT_CONVERSION = YES;
				CLANG_WARN_NON_LITERAL_NULL_CONVERSION = YES;
				CLANG_WARN_OBJC_IMPLICIT_RETAIN_SELF = YES;
				CLANG_WARN_OBJC_LITERAL_CONVERSION = YES;
				CLANG_WARN_OBJC_ROOT_CLASS = YES_ERROR;
				CLANG_WARN_QUOTED_INCLUDE_IN_FRAMEWORK_HEADER = YES;
				CLANG_WARN_RANGE_LOOP_ANALYSIS = YES;
				CLANG_WARN_STRICT_PROTOTYPES = YES;
				CLANG_WARN_SUSPICIOUS_MOVE = YES;
				CLANG_WARN_UNGUARDED_AVAILABILITY = YES_AGGRESSIVE;
				CLANG_WARN_UNREACHABLE_CODE = YES;
				CLANG_WARN__DUPLICATE_METHOD_MATCH = YES;
				COPY_PHASE_STRIP = NO;
				DEBUG_INFORMATION_FORMAT = dwarf;
				ENABLE_STRICT_OBJC_MSGSEND = YES;
				ENABLE_TESTABILITY = YES;
				GCC_C_LANGUAGE_STANDARD = gnu11;
				GCC_DYNAMIC_NO_PIC = NO;
				GCC_NO_COMMON_BLOCKS = YES;
				GCC_OPTIMIZATION_LEVEL = 0;
				GCC_PREPROCESSOR_DEFINITIONS = (
					"DEBUG=1",
					"$(inherited)",
				);
				GCC_WARN_64_TO_32_BIT_CONVERSION = YES;
				GCC_WARN_ABOUT_RETURN_TYPE = YES_ERROR;
				GCC_WARN_UNDECLARED_SELECTOR = YES;
				GCC_WARN_UNINITIALIZED_AUTOS = YES_AGGRESSIVE;
				GCC_WARN_UNUSED_FUNCTION = YES;
				GCC_WARN_UNUSED_VARIABLE = YES;
				IPHONEOS_DEPLOYMENT_TARGET = 14.0;
				MTL_ENABLE_DEBUG_INFO = INCLUDE_SOURCE;
				MTL_FAST_MATH = YES;
				ONLY_ACTIVE_ARCH = YES;
				SDKROOT = iphoneos;
				SWIFT_ACTIVE_COMPILATION_CONDITIONS = DEBUG;
				SWIFT_OPTIMIZATION_LEVEL = "-Onone";
			};
			name = Debug;
		};
		9948BFB025225CAF00F03726 /* Release */ = {
			isa = XCBuildConfiguration;
			buildSettings = {
				ALWAYS_SEARCH_USER_PATHS = NO;
				CLANG_ANALYZER_NONNULL = YES;
				CLANG_ANALYZER_NUMBER_OBJECT_CONVERSION = YES_AGGRESSIVE;
				CLANG_CXX_LANGUAGE_STANDARD = "gnu++14";
				CLANG_CXX_LIBRARY = "libc++";
				CLANG_ENABLE_MODULES = YES;
				CLANG_ENABLE_OBJC_ARC = YES;
				CLANG_ENABLE_OBJC_WEAK = YES;
				CLANG_WARN_BLOCK_CAPTURE_AUTORELEASING = YES;
				CLANG_WARN_BOOL_CONVERSION = YES;
				CLANG_WARN_COMMA = YES;
				CLANG_WARN_CONSTANT_CONVERSION = YES;
				CLANG_WARN_DEPRECATED_OBJC_IMPLEMENTATIONS = YES;
				CLANG_WARN_DIRECT_OBJC_ISA_USAGE = YES_ERROR;
				CLANG_WARN_DOCUMENTATION_COMMENTS = YES;
				CLANG_WARN_EMPTY_BODY = YES;
				CLANG_WARN_ENUM_CONVERSION = YES;
				CLANG_WARN_INFINITE_RECURSION = YES;
				CLANG_WARN_INT_CONVERSION = YES;
				CLANG_WARN_NON_LITERAL_NULL_CONVERSION = YES;
				CLANG_WARN_OBJC_IMPLICIT_RETAIN_SELF = YES;
				CLANG_WARN_OBJC_LITERAL_CONVERSION = YES;
				CLANG_WARN_OBJC_ROOT_CLASS = YES_ERROR;
				CLANG_WARN_QUOTED_INCLUDE_IN_FRAMEWORK_HEADER = YES;
				CLANG_WARN_RANGE_LOOP_ANALYSIS = YES;
				CLANG_WARN_STRICT_PROTOTYPES = YES;
				CLANG_WARN_SUSPICIOUS_MOVE = YES;
				CLANG_WARN_UNGUARDED_AVAILABILITY = YES_AGGRESSIVE;
				CLANG_WARN_UNREACHABLE_CODE = YES;
				CLANG_WARN__DUPLICATE_METHOD_MATCH = YES;
				COPY_PHASE_STRIP = NO;
				DEBUG_INFORMATION_FORMAT = "dwarf-with-dsym";
				ENABLE_NS_ASSERTIONS = NO;
				ENABLE_STRICT_OBJC_MSGSEND = YES;
				GCC_C_LANGUAGE_STANDARD = gnu11;
				GCC_NO_COMMON_BLOCKS = YES;
				GCC_WARN_64_TO_32_BIT_CONVERSION = YES;
				GCC_WARN_ABOUT_RETURN_TYPE = YES_ERROR;
				GCC_WARN_UNDECLARED_SELECTOR = YES;
				GCC_WARN_UNINITIALIZED_AUTOS = YES_AGGRESSIVE;
				GCC_WARN_UNUSED_FUNCTION = YES;
				GCC_WARN_UNUSED_VARIABLE = YES;
				IPHONEOS_DEPLOYMENT_TARGET = 14.0;
				MTL_ENABLE_DEBUG_INFO = NO;
				MTL_FAST_MATH = YES;
				SDKROOT = iphoneos;
				SWIFT_COMPILATION_MODE = wholemodule;
				SWIFT_OPTIMIZATION_LEVEL = "-O";
				VALIDATE_PRODUCT = YES;
			};
			name = Release;
		};
		9948BFB225225CAF00F03726 /* Debug */ = {
			isa = XCBuildConfiguration;
			buildSettings = {
				ASSETCATALOG_COMPILER_APPICON_NAME = AppIcon;
				ASSETCATALOG_COMPILER_GLOBAL_ACCENT_COLOR_NAME = AccentColor;
				CODE_SIGN_STYLE = Automatic;
				DEVELOPMENT_TEAM = 48APBRKW5R;
				INFOPLIST_FILE = Project23/Info.plist;
				LD_RUNPATH_SEARCH_PATHS = (
					"$(inherited)",
					"@executable_path/Frameworks",
				);
				PRODUCT_BUNDLE_IDENTIFIER = com.iivanu.Project23;
				PRODUCT_NAME = "$(TARGET_NAME)";
				SWIFT_VERSION = 5.0;
				TARGETED_DEVICE_FAMILY = 2;
			};
			name = Debug;
		};
		9948BFB325225CAF00F03726 /* Release */ = {
			isa = XCBuildConfiguration;
			buildSettings = {
				ASSETCATALOG_COMPILER_APPICON_NAME = AppIcon;
				ASSETCATALOG_COMPILER_GLOBAL_ACCENT_COLOR_NAME = AccentColor;
				CODE_SIGN_STYLE = Automatic;
				DEVELOPMENT_TEAM = 48APBRKW5R;
				INFOPLIST_FILE = Project23/Info.plist;
				LD_RUNPATH_SEARCH_PATHS = (
					"$(inherited)",
					"@executable_path/Frameworks",
				);
				PRODUCT_BUNDLE_IDENTIFIER = com.iivanu.Project23;
				PRODUCT_NAME = "$(TARGET_NAME)";
				SWIFT_VERSION = 5.0;
				TARGETED_DEVICE_FAMILY = 2;
			};
			name = Release;
		};
/* End XCBuildConfiguration section */

/* Begin XCConfigurationList section */
		9948BF9725225CAE00F03726 /* Build configuration list for PBXProject "Project23" */ = {
			isa = XCConfigurationList;
			buildConfigurations = (
				9948BFAF25225CAF00F03726 /* Debug */,
				9948BFB025225CAF00F03726 /* Release */,
			);
			defaultConfigurationIsVisible = 0;
			defaultConfigurationName = Release;
		};
		9948BFB125225CAF00F03726 /* Build configuration list for PBXNativeTarget "Project23" */ = {
			isa = XCConfigurationList;
			buildConfigurations = (
				9948BFB225225CAF00F03726 /* Debug */,
				9948BFB325225CAF00F03726 /* Release */,
			);
			defaultConfigurationIsVisible = 0;
			defaultConfigurationName = Release;
		};
/* End XCConfigurationList section */
	};
	rootObject = 9948BF9425225CAE00F03726 /* Project object */;
}
